// !$*UTF8*$!
{
	archiveVersion = 1;
	classes = {
	};
	objectVersion = 56;
	objects = {

/* Begin PBXBuildFile section */
		63D8C31C296ADDFE00EB4863 /* ApocalypseApp.swift in Sources */ = {isa = PBXBuildFile; fileRef = 63D8C31B296ADDFE00EB4863 /* ApocalypseApp.swift */; };
		63D8C31E296ADDFE00EB4863 /* Persistence.swift in Sources */ = {isa = PBXBuildFile; fileRef = 63D8C31D296ADDFE00EB4863 /* Persistence.swift */; };
		63D8C321296ADDFE00EB4863 /* Apocalypse.xcdatamodeld in Sources */ = {isa = PBXBuildFile; fileRef = 63D8C31F296ADDFE00EB4863 /* Apocalypse.xcdatamodeld */; };
		63D8C323296ADDFE00EB4863 /* ContentView.swift in Sources */ = {isa = PBXBuildFile; fileRef = 63D8C322296ADDFE00EB4863 /* ContentView.swift */; };
		63D8C325296ADE0000EB4863 /* Assets.xcassets in Resources */ = {isa = PBXBuildFile; fileRef = 63D8C324296ADE0000EB4863 /* Assets.xcassets */; };
		63D8C329296ADE0000EB4863 /* Preview Assets.xcassets in Resources */ = {isa = PBXBuildFile; fileRef = 63D8C328296ADE0000EB4863 /* Preview Assets.xcassets */; };
		63D8C333296ADE0000EB4863 /* ApocalypseTests.swift in Sources */ = {isa = PBXBuildFile; fileRef = 63D8C332296ADE0000EB4863 /* ApocalypseTests.swift */; };
		63D8C33D296ADE0000EB4863 /* ApocalypseUITests.swift in Sources */ = {isa = PBXBuildFile; fileRef = 63D8C33C296ADE0000EB4863 /* ApocalypseUITests.swift */; };
		63D8C33F296ADE0000EB4863 /* ApocalypseUITestsLaunchTests.swift in Sources */ = {isa = PBXBuildFile; fileRef = 63D8C33E296ADE0000EB4863 /* ApocalypseUITestsLaunchTests.swift */; };
/* End PBXBuildFile section */

/* Begin PBXContainerItemProxy section */
		63D8C32F296ADE0000EB4863 /* PBXContainerItemProxy */ = {
			isa = PBXContainerItemProxy;
			containerPortal = 63D8C310296ADDFE00EB4863 /* Project object */;
			proxyType = 1;
			remoteGlobalIDString = 63D8C317296ADDFE00EB4863;
			remoteInfo = Apocalypse;
		};
		63D8C339296ADE0000EB4863 /* PBXContainerItemProxy */ = {
			isa = PBXContainerItemProxy;
			containerPortal = 63D8C310296ADDFE00EB4863 /* Project object */;
			proxyType = 1;
			remoteGlobalIDString = 63D8C317296ADDFE00EB4863;
			remoteInfo = Apocalypse;
		};
/* End PBXContainerItemProxy section */

/* Begin PBXFileReference section */
		63D8C318296ADDFE00EB4863 /* Apocalypse.app */ = {isa = PBXFileReference; explicitFileType = wrapper.application; includeInIndex = 0; path = Apocalypse.app; sourceTree = BUILT_PRODUCTS_DIR; };
		63D8C31B296ADDFE00EB4863 /* ApocalypseApp.swift */ = {isa = PBXFileReference; lastKnownFileType = sourcecode.swift; path = ApocalypseApp.swift; sourceTree = "<group>"; };
		63D8C31D296ADDFE00EB4863 /* Persistence.swift */ = {isa = PBXFileReference; lastKnownFileType = sourcecode.swift; path = Persistence.swift; sourceTree = "<group>"; };
		63D8C320296ADDFE00EB4863 /* Apocalypse.xcdatamodel */ = {isa = PBXFileReference; lastKnownFileType = wrapper.xcdatamodel; path = Apocalypse.xcdatamodel; sourceTree = "<group>"; };
		63D8C322296ADDFE00EB4863 /* ContentView.swift */ = {isa = PBXFileReference; lastKnownFileType = sourcecode.swift; path = ContentView.swift; sourceTree = "<group>"; };
		63D8C324296ADE0000EB4863 /* Assets.xcassets */ = {isa = PBXFileReference; lastKnownFileType = folder.assetcatalog; path = Assets.xcassets; sourceTree = "<group>"; };
		63D8C326296ADE0000EB4863 /* Apocalypse.entitlements */ = {isa = PBXFileReference; lastKnownFileType = text.plist.entitlements; path = Apocalypse.entitlements; sourceTree = "<group>"; };
		63D8C328296ADE0000EB4863 /* Preview Assets.xcassets */ = {isa = PBXFileReference; lastKnownFileType = folder.assetcatalog; path = "Preview Assets.xcassets"; sourceTree = "<group>"; };
		63D8C32E296ADE0000EB4863 /* ApocalypseTests.xctest */ = {isa = PBXFileReference; explicitFileType = wrapper.cfbundle; includeInIndex = 0; path = ApocalypseTests.xctest; sourceTree = BUILT_PRODUCTS_DIR; };
		63D8C332296ADE0000EB4863 /* ApocalypseTests.swift */ = {isa = PBXFileReference; lastKnownFileType = sourcecode.swift; path = ApocalypseTests.swift; sourceTree = "<group>"; };
		63D8C338296ADE0000EB4863 /* ApocalypseUITests.xctest */ = {isa = PBXFileReference; explicitFileType = wrapper.cfbundle; includeInIndex = 0; path = ApocalypseUITests.xctest; sourceTree = BUILT_PRODUCTS_DIR; };
		63D8C33C296ADE0000EB4863 /* ApocalypseUITests.swift */ = {isa = PBXFileReference; lastKnownFileType = sourcecode.swift; path = ApocalypseUITests.swift; sourceTree = "<group>"; };
		63D8C33E296ADE0000EB4863 /* ApocalypseUITestsLaunchTests.swift */ = {isa = PBXFileReference; lastKnownFileType = sourcecode.swift; path = ApocalypseUITestsLaunchTests.swift; sourceTree = "<group>"; };
/* End PBXFileReference section */

/* Begin PBXFrameworksBuildPhase section */
		63D8C315296ADDFE00EB4863 /* Frameworks */ = {
			isa = PBXFrameworksBuildPhase;
			buildActionMask = 2147483647;
			files = (
			);
			runOnlyForDeploymentPostprocessing = 0;
		};
		63D8C32B296ADE0000EB4863 /* Frameworks */ = {
			isa = PBXFrameworksBuildPhase;
			buildActionMask = 2147483647;
			files = (
			);
			runOnlyForDeploymentPostprocessing = 0;
		};
		63D8C335296ADE0000EB4863 /* Frameworks */ = {
			isa = PBXFrameworksBuildPhase;
			buildActionMask = 2147483647;
			files = (
			);
			runOnlyForDeploymentPostprocessing = 0;
		};
/* End PBXFrameworksBuildPhase section */

/* Begin PBXGroup section */
		63D8C30F296ADDFE00EB4863 = {
			isa = PBXGroup;
			children = (
				63D8C31A296ADDFE00EB4863 /* Apocalypse */,
				63D8C331296ADE0000EB4863 /* ApocalypseTests */,
				63D8C33B296ADE0000EB4863 /* ApocalypseUITests */,
				63D8C319296ADDFE00EB4863 /* Products */,
			);
			sourceTree = "<group>";
		};
		63D8C319296ADDFE00EB4863 /* Products */ = {
			isa = PBXGroup;
			children = (
				63D8C318296ADDFE00EB4863 /* Apocalypse.app */,
				63D8C32E296ADE0000EB4863 /* ApocalypseTests.xctest */,
				63D8C338296ADE0000EB4863 /* ApocalypseUITests.xctest */,
			);
			name = Products;
			sourceTree = "<group>";
		};
		63D8C31A296ADDFE00EB4863 /* Apocalypse */ = {
			isa = PBXGroup;
			children = (
				63D8C31B296ADDFE00EB4863 /* ApocalypseApp.swift */,
				63D8C31D296ADDFE00EB4863 /* Persistence.swift */,
				63D8C322296ADDFE00EB4863 /* ContentView.swift */,
				63D8C324296ADE0000EB4863 /* Assets.xcassets */,
				63D8C326296ADE0000EB4863 /* Apocalypse.entitlements */,
				63D8C31F296ADDFE00EB4863 /* Apocalypse.xcdatamodeld */,
				63D8C327296ADE0000EB4863 /* Preview Content */,
			);
			path = Apocalypse;
			sourceTree = "<group>";
		};
		63D8C327296ADE0000EB4863 /* Preview Content */ = {
			isa = PBXGroup;
			children = (
				63D8C328296ADE0000EB4863 /* Preview Assets.xcassets */,
			);
			path = "Preview Content";
			sourceTree = "<group>";
		};
		63D8C331296ADE0000EB4863 /* ApocalypseTests */ = {
			isa = PBXGroup;
			children = (
				63D8C332296ADE0000EB4863 /* ApocalypseTests.swift */,
			);
			path = ApocalypseTests;
			sourceTree = "<group>";
		};
		63D8C33B296ADE0000EB4863 /* ApocalypseUITests */ = {
			isa = PBXGroup;
			children = (
				63D8C33C296ADE0000EB4863 /* ApocalypseUITests.swift */,
				63D8C33E296ADE0000EB4863 /* ApocalypseUITestsLaunchTests.swift */,
			);
			path = ApocalypseUITests;
			sourceTree = "<group>";
		};
/* End PBXGroup section */

/* Begin PBXNativeTarget section */
		63D8C317296ADDFE00EB4863 /* Apocalypse */ = {
			isa = PBXNativeTarget;
			buildConfigurationList = 63D8C342296ADE0000EB4863 /* Build configuration list for PBXNativeTarget "Apocalypse" */;
			buildPhases = (
				63D8C314296ADDFE00EB4863 /* Sources */,
				63D8C315296ADDFE00EB4863 /* Frameworks */,
				63D8C316296ADDFE00EB4863 /* Resources */,
			);
			buildRules = (
			);
			dependencies = (
			);
			name = Apocalypse;
			productName = Apocalypse;
			productReference = 63D8C318296ADDFE00EB4863 /* Apocalypse.app */;
			productType = "com.apple.product-type.application";
		};
		63D8C32D296ADE0000EB4863 /* ApocalypseTests */ = {
			isa = PBXNativeTarget;
			buildConfigurationList = 63D8C345296ADE0000EB4863 /* Build configuration list for PBXNativeTarget "ApocalypseTests" */;
			buildPhases = (
				63D8C32A296ADE0000EB4863 /* Sources */,
				63D8C32B296ADE0000EB4863 /* Frameworks */,
				63D8C32C296ADE0000EB4863 /* Resources */,
			);
			buildRules = (
			);
			dependencies = (
				63D8C330296ADE0000EB4863 /* PBXTargetDependency */,
			);
			name = ApocalypseTests;
			productName = ApocalypseTests;
			productReference = 63D8C32E296ADE0000EB4863 /* ApocalypseTests.xctest */;
			productType = "com.apple.product-type.bundle.unit-test";
		};
		63D8C337296ADE0000EB4863 /* ApocalypseUITests */ = {
			isa = PBXNativeTarget;
			buildConfigurationList = 63D8C348296ADE0000EB4863 /* Build configuration list for PBXNativeTarget "ApocalypseUITests" */;
			buildPhases = (
				63D8C334296ADE0000EB4863 /* Sources */,
				63D8C335296ADE0000EB4863 /* Frameworks */,
				63D8C336296ADE0000EB4863 /* Resources */,
			);
			buildRules = (
			);
			dependencies = (
				63D8C33A296ADE0000EB4863 /* PBXTargetDependency */,
			);
			name = ApocalypseUITests;
			productName = ApocalypseUITests;
			productReference = 63D8C338296ADE0000EB4863 /* ApocalypseUITests.xctest */;
			productType = "com.apple.product-type.bundle.ui-testing";
		};
/* End PBXNativeTarget section */

/* Begin PBXProject section */
		63D8C310296ADDFE00EB4863 /* Project object */ = {
			isa = PBXProject;
			attributes = {
				BuildIndependentTargetsInParallel = 1;
				LastSwiftUpdateCheck = 1420;
				LastUpgradeCheck = 1420;
				TargetAttributes = {
					63D8C317296ADDFE00EB4863 = {
						CreatedOnToolsVersion = 14.2;
					};
					63D8C32D296ADE0000EB4863 = {
						CreatedOnToolsVersion = 14.2;
						TestTargetID = 63D8C317296ADDFE00EB4863;
					};
					63D8C337296ADE0000EB4863 = {
						CreatedOnToolsVersion = 14.2;
						TestTargetID = 63D8C317296ADDFE00EB4863;
					};
				};
			};
			buildConfigurationList = 63D8C313296ADDFE00EB4863 /* Build configuration list for PBXProject "Apocalypse" */;
			compatibilityVersion = "Xcode 14.0";
			developmentRegion = en;
			hasScannedForEncodings = 0;
			knownRegions = (
				en,
				Base,
			);
			mainGroup = 63D8C30F296ADDFE00EB4863;
			productRefGroup = 63D8C319296ADDFE00EB4863 /* Products */;
			projectDirPath = "";
			projectRoot = "";
			targets = (
				63D8C317296ADDFE00EB4863 /* Apocalypse */,
				63D8C32D296ADE0000EB4863 /* ApocalypseTests */,
				63D8C337296ADE0000EB4863 /* ApocalypseUITests */,
			);
		};
/* End PBXProject section */

/* Begin PBXResourcesBuildPhase section */
		63D8C316296ADDFE00EB4863 /* Resources */ = {
			isa = PBXResourcesBuildPhase;
			buildActionMask = 2147483647;
			files = (
				63D8C329296ADE0000EB4863 /* Preview Assets.xcassets in Resources */,
				63D8C325296ADE0000EB4863 /* Assets.xcassets in Resources */,
			);
			runOnlyForDeploymentPostprocessing = 0;
		};
		63D8C32C296ADE0000EB4863 /* Resources */ = {
			isa = PBXResourcesBuildPhase;
			buildActionMask = 2147483647;
			files = (
			);
			runOnlyForDeploymentPostprocessing = 0;
		};
		63D8C336296ADE0000EB4863 /* Resources */ = {
			isa = PBXResourcesBuildPhase;
			buildActionMask = 2147483647;
			files = (
			);
			runOnlyForDeploymentPostprocessing = 0;
		};
/* End PBXResourcesBuildPhase section */

/* Begin PBXSourcesBuildPhase section */
		63D8C314296ADDFE00EB4863 /* Sources */ = {
			isa = PBXSourcesBuildPhase;
			buildActionMask = 2147483647;
			files = (
				63D8C31C296ADDFE00EB4863 /* ApocalypseApp.swift in Sources */,
				63D8C31E296ADDFE00EB4863 /* Persistence.swift in Sources */,
				63D8C323296ADDFE00EB4863 /* ContentView.swift in Sources */,
				63D8C321296ADDFE00EB4863 /* Apocalypse.xcdatamodeld in Sources */,
			);
			runOnlyForDeploymentPostprocessing = 0;
		};
		63D8C32A296ADE0000EB4863 /* Sources */ = {
			isa = PBXSourcesBuildPhase;
			buildActionMask = 2147483647;
			files = (
				63D8C333296ADE0000EB4863 /* ApocalypseTests.swift in Sources */,
			);
			runOnlyForDeploymentPostprocessing = 0;
		};
		63D8C334296ADE0000EB4863 /* Sources */ = {
			isa = PBXSourcesBuildPhase;
			buildActionMask = 2147483647;
			files = (
				63D8C33D296ADE0000EB4863 /* ApocalypseUITests.swift in Sources */,
				63D8C33F296ADE0000EB4863 /* ApocalypseUITestsLaunchTests.swift in Sources */,
			);
			runOnlyForDeploymentPostprocessing = 0;
		};
/* End PBXSourcesBuildPhase section */

/* Begin PBXTargetDependency section */
		63D8C330296ADE0000EB4863 /* PBXTargetDependency */ = {
			isa = PBXTargetDependency;
			target = 63D8C317296ADDFE00EB4863 /* Apocalypse */;
			targetProxy = 63D8C32F296ADE0000EB4863 /* PBXContainerItemProxy */;
		};
		63D8C33A296ADE0000EB4863 /* PBXTargetDependency */ = {
			isa = PBXTargetDependency;
			target = 63D8C317296ADDFE00EB4863 /* Apocalypse */;
			targetProxy = 63D8C339296ADE0000EB4863 /* PBXContainerItemProxy */;
		};
/* End PBXTargetDependency section */

/* Begin XCBuildConfiguration section */
		63D8C340296ADE0000EB4863 /* Debug */ = {
			isa = XCBuildConfiguration;
			buildSettings = {
				ALWAYS_SEARCH_USER_PATHS = NO;
				CLANG_ANALYZER_NONNULL = YES;
				CLANG_ANALYZER_NUMBER_OBJECT_CONVERSION = YES_AGGRESSIVE;
				CLANG_CXX_LANGUAGE_STANDARD = "gnu++20";
				CLANG_ENABLE_MODULES = YES;
				CLANG_ENABLE_OBJC_ARC = YES;
				CLANG_ENABLE_OBJC_WEAK = YES;
				CLANG_WARN_BLOCK_CAPTURE_AUTORELEASING = YES;
				CLANG_WARN_BOOL_CONVERSION = YES;
				CLANG_WARN_COMMA = YES;
				CLANG_WARN_CONSTANT_CONVERSION = YES;
				CLANG_WARN_DEPRECATED_OBJC_IMPLEMENTATIONS = YES;
				CLANG_WARN_DIRECT_OBJC_ISA_USAGE = YES_ERROR;
				CLANG_WARN_DOCUMENTATION_COMMENTS = YES;
				CLANG_WARN_EMPTY_BODY = YES;
				CLANG_WARN_ENUM_CONVERSION = YES;
				CLANG_WARN_INFINITE_RECURSION = YES;
				CLANG_WARN_INT_CONVERSION = YES;
				CLANG_WARN_NON_LITERAL_NULL_CONVERSION = YES;
				CLANG_WARN_OBJC_IMPLICIT_RETAIN_SELF = YES;
				CLANG_WARN_OBJC_LITERAL_CONVERSION = YES;
				CLANG_WARN_OBJC_ROOT_CLASS = YES_ERROR;
				CLANG_WARN_QUOTED_INCLUDE_IN_FRAMEWORK_HEADER = YES;
				CLANG_WARN_RANGE_LOOP_ANALYSIS = YES;
				CLANG_WARN_STRICT_PROTOTYPES = YES;
				CLANG_WARN_SUSPICIOUS_MOVE = YES;
				CLANG_WARN_UNGUARDED_AVAILABILITY = YES_AGGRESSIVE;
				CLANG_WARN_UNREACHABLE_CODE = YES;
				CLANG_WARN__DUPLICATE_METHOD_MATCH = YES;
				COPY_PHASE_STRIP = NO;
				DEBUG_INFORMATION_FORMAT = dwarf;
				ENABLE_STRICT_OBJC_MSGSEND = YES;
				ENABLE_TESTABILITY = YES;
				GCC_C_LANGUAGE_STANDARD = gnu11;
				GCC_DYNAMIC_NO_PIC = NO;
				GCC_NO_COMMON_BLOCKS = YES;
				GCC_OPTIMIZATION_LEVEL = 0;
				GCC_PREPROCESSOR_DEFINITIONS = (
					"DEBUG=1",
					"$(inherited)",
				);
				GCC_WARN_64_TO_32_BIT_CONVERSION = YES;
				GCC_WARN_ABOUT_RETURN_TYPE = YES_ERROR;
				GCC_WARN_UNDECLARED_SELECTOR = YES;
				GCC_WARN_UNINITIALIZED_AUTOS = YES_AGGRESSIVE;
				GCC_WARN_UNUSED_FUNCTION = YES;
				GCC_WARN_UNUSED_VARIABLE = YES;
				MTL_ENABLE_DEBUG_INFO = INCLUDE_SOURCE;
				MTL_FAST_MATH = YES;
				ONLY_ACTIVE_ARCH = YES;
				SWIFT_ACTIVE_COMPILATION_CONDITIONS = DEBUG;
				SWIFT_OPTIMIZATION_LEVEL = "-Onone";
			};
			name = Debug;
		};
		63D8C341296ADE0000EB4863 /* Release */ = {
			isa = XCBuildConfiguration;
			buildSettings = {
				ALWAYS_SEARCH_USER_PATHS = NO;
				CLANG_ANALYZER_NONNULL = YES;
				CLANG_ANALYZER_NUMBER_OBJECT_CONVERSION = YES_AGGRESSIVE;
				CLANG_CXX_LANGUAGE_STANDARD = "gnu++20";
				CLANG_ENABLE_MODULES = YES;
				CLANG_ENABLE_OBJC_ARC = YES;
				CLANG_ENABLE_OBJC_WEAK = YES;
				CLANG_WARN_BLOCK_CAPTURE_AUTORELEASING = YES;
				CLANG_WARN_BOOL_CONVERSION = YES;
				CLANG_WARN_COMMA = YES;
				CLANG_WARN_CONSTANT_CONVERSION = YES;
				CLANG_WARN_DEPRECATED_OBJC_IMPLEMENTATIONS = YES;
				CLANG_WARN_DIRECT_OBJC_ISA_USAGE = YES_ERROR;
				CLANG_WARN_DOCUMENTATION_COMMENTS = YES;
				CLANG_WARN_EMPTY_BODY = YES;
				CLANG_WARN_ENUM_CONVERSION = YES;
				CLANG_WARN_INFINITE_RECURSION = YES;
				CLANG_WARN_INT_CONVERSION = YES;
				CLANG_WARN_NON_LITERAL_NULL_CONVERSION = YES;
				CLANG_WARN_OBJC_IMPLICIT_RETAIN_SELF = YES;
				CLANG_WARN_OBJC_LITERAL_CONVERSION = YES;
				CLANG_WARN_OBJC_ROOT_CLASS = YES_ERROR;
				CLANG_WARN_QUOTED_INCLUDE_IN_FRAMEWORK_HEADER = YES;
				CLANG_WARN_RANGE_LOOP_ANALYSIS = YES;
				CLANG_WARN_STRICT_PROTOTYPES = YES;
				CLANG_WARN_SUSPICIOUS_MOVE = YES;
				CLANG_WARN_UNGUARDED_AVAILABILITY = YES_AGGRESSIVE;
				CLANG_WARN_UNREACHABLE_CODE = YES;
				CLANG_WARN__DUPLICATE_METHOD_MATCH = YES;
				COPY_PHASE_STRIP = NO;
				DEBUG_INFORMATION_FORMAT = "dwarf-with-dsym";
				ENABLE_NS_ASSERTIONS = NO;
				ENABLE_STRICT_OBJC_MSGSEND = YES;
				GCC_C_LANGUAGE_STANDARD = gnu11;
				GCC_NO_COMMON_BLOCKS = YES;
				GCC_WARN_64_TO_32_BIT_CONVERSION = YES;
				GCC_WARN_ABOUT_RETURN_TYPE = YES_ERROR;
				GCC_WARN_UNDECLARED_SELECTOR = YES;
				GCC_WARN_UNINITIALIZED_AUTOS = YES_AGGRESSIVE;
				GCC_WARN_UNUSED_FUNCTION = YES;
				GCC_WARN_UNUSED_VARIABLE = YES;
				MTL_ENABLE_DEBUG_INFO = NO;
				MTL_FAST_MATH = YES;
				SWIFT_COMPILATION_MODE = wholemodule;
				SWIFT_OPTIMIZATION_LEVEL = "-O";
			};
			name = Release;
		};
		63D8C343296ADE0000EB4863 /* Debug */ = {
			isa = XCBuildConfiguration;
			buildSettings = {
				ASSETCATALOG_COMPILER_APPICON_NAME = AppIcon;
				ASSETCATALOG_COMPILER_GLOBAL_ACCENT_COLOR_NAME = AccentColor;
				CODE_SIGN_ENTITLEMENTS = Apocalypse/Apocalypse.entitlements;
				CODE_SIGN_STYLE = Automatic;
				CURRENT_PROJECT_VERSION = 1;
				DEVELOPMENT_ASSET_PATHS = "\"Apocalypse/Preview Content\"";
				DEVELOPMENT_TEAM = CCJWJRH47H;
				ENABLE_HARDENED_RUNTIME = YES;
				ENABLE_PREVIEWS = YES;
				GENERATE_INFOPLIST_FILE = YES;
				"INFOPLIST_KEY_UIApplicationSceneManifest_Generation[sdk=iphoneos*]" = YES;
				"INFOPLIST_KEY_UIApplicationSceneManifest_Generation[sdk=iphonesimulator*]" = YES;
				"INFOPLIST_KEY_UIApplicationSupportsIndirectInputEvents[sdk=iphoneos*]" = YES;
				"INFOPLIST_KEY_UIApplicationSupportsIndirectInputEvents[sdk=iphonesimulator*]" = YES;
				"INFOPLIST_KEY_UILaunchScreen_Generation[sdk=iphoneos*]" = YES;
				"INFOPLIST_KEY_UILaunchScreen_Generation[sdk=iphonesimulator*]" = YES;
				"INFOPLIST_KEY_UIStatusBarStyle[sdk=iphoneos*]" = UIStatusBarStyleDefault;
				"INFOPLIST_KEY_UIStatusBarStyle[sdk=iphonesimulator*]" = UIStatusBarStyleDefault;
				INFOPLIST_KEY_UISupportedInterfaceOrientations_iPad = "UIInterfaceOrientationPortrait UIInterfaceOrientationPortraitUpsideDown UIInterfaceOrientationLandscapeLeft UIInterfaceOrientationLandscapeRight";
				INFOPLIST_KEY_UISupportedInterfaceOrientations_iPhone = "UIInterfaceOrientationPortrait UIInterfaceOrientationLandscapeLeft UIInterfaceOrientationLandscapeRight";
				IPHONEOS_DEPLOYMENT_TARGET = 16.2;
				LD_RUNPATH_SEARCH_PATHS = "@executable_path/Frameworks";
				"LD_RUNPATH_SEARCH_PATHS[sdk=macosx*]" = "@executable_path/../Frameworks";
				MACOSX_DEPLOYMENT_TARGET = 13.1;
				MARKETING_VERSION = 1.0;
				PRODUCT_BUNDLE_IDENTIFIER = cz.davidtrojak.app.Apocalypse;
				PRODUCT_NAME = "$(TARGET_NAME)";
				SDKROOT = auto;
				SUPPORTED_PLATFORMS = "iphoneos iphonesimulator macosx";
				SWIFT_EMIT_LOC_STRINGS = YES;
				SWIFT_VERSION = 5.0;
				TARGETED_DEVICE_FAMILY = "1,2";
			};
			name = Debug;
		};
		63D8C344296ADE0000EB4863 /* Release */ = {
			isa = XCBuildConfiguration;
			buildSettings = {
				ASSETCATALOG_COMPILER_APPICON_NAME = AppIcon;
				ASSETCATALOG_COMPILER_GLOBAL_ACCENT_COLOR_NAME = AccentColor;
				CODE_SIGN_ENTITLEMENTS = Apocalypse/Apocalypse.entitlements;
				CODE_SIGN_STYLE = Automatic;
				CURRENT_PROJECT_VERSION = 1;
				DEVELOPMENT_ASSET_PATHS = "\"Apocalypse/Preview Content\"";
				DEVELOPMENT_TEAM = CCJWJRH47H;
				ENABLE_HARDENED_RUNTIME = YES;
				ENABLE_PREVIEWS = YES;
				GENERATE_INFOPLIST_FILE = YES;
				"INFOPLIST_KEY_UIApplicationSceneManifest_Generation[sdk=iphoneos*]" = YES;
				"INFOPLIST_KEY_UIApplicationSceneManifest_Generation[sdk=iphonesimulator*]" = YES;
				"INFOPLIST_KEY_UIApplicationSupportsIndirectInputEvents[sdk=iphoneos*]" = YES;
				"INFOPLIST_KEY_UIApplicationSupportsIndirectInputEvents[sdk=iphonesimulator*]" = YES;
				"INFOPLIST_KEY_UILaunchScreen_Generation[sdk=iphoneos*]" = YES;
				"INFOPLIST_KEY_UILaunchScreen_Generation[sdk=iphonesimulator*]" = YES;
				"INFOPLIST_KEY_UIStatusBarStyle[sdk=iphoneos*]" = UIStatusBarStyleDefault;
				"INFOPLIST_KEY_UIStatusBarStyle[sdk=iphonesimulator*]" = UIStatusBarStyleDefault;
				INFOPLIST_KEY_UISupportedInterfaceOrientations_iPad = "UIInterfaceOrientationPortrait UIInterfaceOrientationPortraitUpsideDown UIInterfaceOrientationLandscapeLeft UIInterfaceOrientationLandscapeRight";
				INFOPLIST_KEY_UISupportedInterfaceOrientations_iPhone = "UIInterfaceOrientationPortrait UIInterfaceOrientationLandscapeLeft UIInterfaceOrientationLandscapeRight";
				IPHONEOS_DEPLOYMENT_TARGET = 16.2;
				LD_RUNPATH_SEARCH_PATHS = "@executable_path/Frameworks";
				"LD_RUNPATH_SEARCH_PATHS[sdk=macosx*]" = "@executable_path/../Frameworks";
				MACOSX_DEPLOYMENT_TARGET = 13.1;
				MARKETING_VERSION = 1.0;
				PRODUCT_BUNDLE_IDENTIFIER = cz.davidtrojak.app.Apocalypse;
				PRODUCT_NAME = "$(TARGET_NAME)";
				SDKROOT = auto;
				SUPPORTED_PLATFORMS = "iphoneos iphonesimulator macosx";
				SWIFT_EMIT_LOC_STRINGS = YES;
				SWIFT_VERSION = 5.0;
				TARGETED_DEVICE_FAMILY = "1,2";
			};
			name = Release;
		};
		63D8C346296ADE0000EB4863 /* Debug */ = {
			isa = XCBuildConfiguration;
			buildSettings = {
				ALWAYS_EMBED_SWIFT_STANDARD_LIBRARIES = YES;
				BUNDLE_LOADER = "$(TEST_HOST)";
				CODE_SIGN_STYLE = Automatic;
				CURRENT_PROJECT_VERSION = 1;
				DEVELOPMENT_TEAM = CCJWJRH47H;
				GENERATE_INFOPLIST_FILE = YES;
				IPHONEOS_DEPLOYMENT_TARGET = 16.2;
				MACOSX_DEPLOYMENT_TARGET = 13.1;
				MARKETING_VERSION = 1.0;
				PRODUCT_BUNDLE_IDENTIFIER = cz.davidtrojak.app.ApocalypseTests;
				PRODUCT_NAME = "$(TARGET_NAME)";
				SDKROOT = auto;
				SUPPORTED_PLATFORMS = "iphoneos iphonesimulator macosx";
				SWIFT_EMIT_LOC_STRINGS = NO;
				SWIFT_VERSION = 5.0;
				TARGETED_DEVICE_FAMILY = "1,2";
				TEST_HOST = "$(BUILT_PRODUCTS_DIR)/Apocalypse.app/$(BUNDLE_EXECUTABLE_FOLDER_PATH)/Apocalypse";
			};
			name = Debug;
		};
		63D8C347296ADE0000EB4863 /* Release */ = {
			isa = XCBuildConfiguration;
			buildSettings = {
				ALWAYS_EMBED_SWIFT_STANDARD_LIBRARIES = YES;
				BUNDLE_LOADER = "$(TEST_HOST)";
				CODE_SIGN_STYLE = Automatic;
				CURRENT_PROJECT_VERSION = 1;
				DEVELOPMENT_TEAM = CCJWJRH47H;
				GENERATE_INFOPLIST_FILE = YES;
				IPHONEOS_DEPLOYMENT_TARGET = 16.2;
				MACOSX_DEPLOYMENT_TARGET = 13.1;
				MARKETING_VERSION = 1.0;
				PRODUCT_BUNDLE_IDENTIFIER = cz.davidtrojak.app.ApocalypseTests;
				PRODUCT_NAME = "$(TARGET_NAME)";
				SDKROOT = auto;
				SUPPORTED_PLATFORMS = "iphoneos iphonesimulator macosx";
				SWIFT_EMIT_LOC_STRINGS = NO;
				SWIFT_VERSION = 5.0;
				TARGETED_DEVICE_FAMILY = "1,2";
				TEST_HOST = "$(BUILT_PRODUCTS_DIR)/Apocalypse.app/$(BUNDLE_EXECUTABLE_FOLDER_PATH)/Apocalypse";
			};
			name = Release;
		};
		63D8C349296ADE0000EB4863 /* Debug */ = {
			isa = XCBuildConfiguration;
			buildSettings = {
				ALWAYS_EMBED_SWIFT_STANDARD_LIBRARIES = YES;
				CODE_SIGN_STYLE = Automatic;
				CURRENT_PROJECT_VERSION = 1;
				DEVELOPMENT_TEAM = CCJWJRH47H;
				GENERATE_INFOPLIST_FILE = YES;
				IPHONEOS_DEPLOYMENT_TARGET = 16.2;
				MACOSX_DEPLOYMENT_TARGET = 13.1;
				MARKETING_VERSION = 1.0;
				PRODUCT_BUNDLE_IDENTIFIER = cz.davidtrojak.app.ApocalypseUITests;
				PRODUCT_NAME = "$(TARGET_NAME)";
				SDKROOT = auto;
				SUPPORTED_PLATFORMS = "iphoneos iphonesimulator macosx";
				SWIFT_EMIT_LOC_STRINGS = NO;
				SWIFT_VERSION = 5.0;
				TARGETED_DEVICE_FAMILY = "1,2";
				TEST_TARGET_NAME = Apocalypse;
			};
			name = Debug;
		};
		63D8C34A296ADE0000EB4863 /* Release */ = {
			isa = XCBuildConfiguration;
			buildSettings = {
				ALWAYS_EMBED_SWIFT_STANDARD_LIBRARIES = YES;
				CODE_SIGN_STYLE = Automatic;
				CURRENT_PROJECT_VERSION = 1;
				DEVELOPMENT_TEAM = CCJWJRH47H;
				GENERATE_INFOPLIST_FILE = YES;
				IPHONEOS_DEPLOYMENT_TARGET = 16.2;
				MACOSX_DEPLOYMENT_TARGET = 13.1;
				MARKETING_VERSION = 1.0;
				PRODUCT_BUNDLE_IDENTIFIER = cz.davidtrojak.app.ApocalypseUITests;
				PRODUCT_NAME = "$(TARGET_NAME)";
				SDKROOT = auto;
				SUPPORTED_PLATFORMS = "iphoneos iphonesimulator macosx";
				SWIFT_EMIT_LOC_STRINGS = NO;
				SWIFT_VERSION = 5.0;
				TARGETED_DEVICE_FAMILY = "1,2";
				TEST_TARGET_NAME = Apocalypse;
			};
			name = Release;
		};
/* End XCBuildConfiguration section */

/* Begin XCConfigurationList section */
		63D8C313296ADDFE00EB4863 /* Build configuration list for PBXProject "Apocalypse" */ = {
			isa = XCConfigurationList;
			buildConfigurations = (
				63D8C340296ADE0000EB4863 /* Debug */,
				63D8C341296ADE0000EB4863 /* Release */,
			);
			defaultConfigurationIsVisible = 0;
			defaultConfigurationName = Release;
		};
		63D8C342296ADE0000EB4863 /* Build configuration list for PBXNativeTarget "Apocalypse" */ = {
			isa = XCConfigurationList;
			buildConfigurations = (
				63D8C343296ADE0000EB4863 /* Debug */,
				63D8C344296ADE0000EB4863 /* Release */,
			);
			defaultConfigurationIsVisible = 0;
			defaultConfigurationName = Release;
		};
		63D8C345296ADE0000EB4863 /* Build configuration list for PBXNativeTarget "ApocalypseTests" */ = {
			isa = XCConfigurationList;
			buildConfigurations = (
				63D8C346296ADE0000EB4863 /* Debug */,
				63D8C347296ADE0000EB4863 /* Release */,
			);
			defaultConfigurationIsVisible = 0;
			defaultConfigurationName = Release;
		};
		63D8C348296ADE0000EB4863 /* Build configuration list for PBXNativeTarget "ApocalypseUITests" */ = {
			isa = XCConfigurationList;
			buildConfigurations = (
				63D8C349296ADE0000EB4863 /* Debug */,
				63D8C34A296ADE0000EB4863 /* Release */,
			);
			defaultConfigurationIsVisible = 0;
			defaultConfigurationName = Release;
		};
/* End XCConfigurationList section */

/* Begin XCVersionGroup section */
		63D8C31F296ADDFE00EB4863 /* Apocalypse.xcdatamodeld */ = {
			isa = XCVersionGroup;
			children = (
				63D8C320296ADDFE00EB4863 /* Apocalypse.xcdatamodel */,
			);
			currentVersion = 63D8C320296ADDFE00EB4863 /* Apocalypse.xcdatamodel */;
			path = Apocalypse.xcdatamodeld;
			sourceTree = "<group>";
			versionGroupType = wrapper.xcdatamodel;
		};
/* End XCVersionGroup section */
	};
	rootObject = 63D8C310296ADDFE00EB4863 /* Project object */;
}
